
Microsoft Visual Studio Solution File, Format Version 12.00
# Visual Studio Version 17
VisualStudioVersion = 17.0.31903.59
MinimumVisualStudioVersion = 10.0.40219.1
Project("{9A19103F-16F7-4668-BE54-9A1E7A4F7556}") = "adventofcode", "adventofcode.csproj", "{3A8F2097-814A-4812-A1FB-51B8EE91ADAA}"
EndProject
Global
	GlobalSection(SolutionConfigurationPlatforms) = preSolution
		Debug|Any CPU = Debug|Any CPU
		Release|Any CPU = Release|Any CPU
	EndGlobalSection
	GlobalSection(ProjectConfigurationPlatforms) = postSolution
		{3A8F2097-814A-4812-A1FB-51B8EE91ADAA}.Debug|Any CPU.ActiveCfg = Debug|Any CPU
		{3A8F2097-814A-4812-A1FB-51B8EE91ADAA}.Debug|Any CPU.Build.0 = Debug|Any CPU
		{3A8F2097-814A-4812-A1FB-51B8EE91ADAA}.Release|Any CPU.ActiveCfg = Release|Any CPU
		{3A8F2097-814A-4812-A1FB-51B8EE91ADAA}.Release|Any CPU.Build.0 = Release|Any CPU
	EndGlobalSection
	GlobalSection(SolutionProperties) = preSolution
		HideSolutionNode = FALSE
	EndGlobalSection
	GlobalSection(ExtensibilityGlobals) = postSolution
		SolutionGuid = {A8B20B6B-9CF2-4C09-9A6C-BC7889BB78CC}
	EndGlobalSection
EndGlobal
